
Microsoft Visual Studio Solution File, Format Version 12.00
# Visual Studio Version 17
VisualStudioVersion = 17.7.33927.210
MinimumVisualStudioVersion = 10.0.40219.1
Project("{FAE04EC0-301F-11D3-BF4B-00C04F79EFBC}") = "UploadToBlobStorage", "UploadToBlobStorage\UploadToBlobStorage.csproj", "{6E5F3225-5660-44A1-8CA1-0B4B617096DD}"
EndProject
Global
	GlobalSection(SolutionConfigurationPlatforms) = preSolution
		Debug|Any CPU = Debug|Any CPU
		Release|Any CPU = Release|Any CPU
	EndGlobalSection
	GlobalSection(ProjectConfigurationPlatforms) = postSolution
		{6E5F3225-5660-44A1-8CA1-0B4B617096DD}.Debug|Any CPU.ActiveCfg = Debug|Any CPU
		{6E5F3225-5660-44A1-8CA1-0B4B617096DD}.Debug|Any CPU.Build.0 = Debug|Any CPU
		{6E5F3225-5660-44A1-8CA1-0B4B617096DD}.Release|Any CPU.ActiveCfg = Release|Any CPU
		{6E5F3225-5660-44A1-8CA1-0B4B617096DD}.Release|Any CPU.Build.0 = Release|Any CPU
	EndGlobalSection
	GlobalSection(SolutionProperties) = preSolution
		HideSolutionNode = FALSE
	EndGlobalSection
	GlobalSection(ExtensibilityGlobals) = postSolution
		SolutionGuid = {2D95A209-D900-48E2-ADA8-7B271E844512}
	EndGlobalSection
EndGlobal
